
Microsoft Visual Studio Solution File, Format Version 12.00
# Visual Studio Version 16
VisualStudioVersion = 16.0.29609.76
MinimumVisualStudioVersion = 10.0.40219.1
Project("{9A19103F-16F7-4668-BE54-9A1E7A4F7556}") = "Cardcost", "Cardcost\Cardcost.csproj", "{7DF3A5C0-9C0D-40E2-8B3E-B114FCB75AB8}"
EndProject
Project("{9A19103F-16F7-4668-BE54-9A1E7A4F7556}") = "Cardcost.Domain", "Cardcost.Domain\Cardcost.Domain.csproj", "{8AD223D5-F031-415E-97D2-02ABC9956A9F}"
EndProject
Project("{9A19103F-16F7-4668-BE54-9A1E7A4F7556}") = "Cardcost.Core", "Cardcost.Core\Cardcost.Core.csproj", "{E4D23FD2-418F-4FDE-A329-2BC09DF0773C}"
EndProject
Project("{FAE04EC0-301F-11D3-BF4B-00C04F79EFBC}") = "Cardcost.Tests", "Cardcost.Tests\Cardcost.Tests.csproj", "{FD9FDB63-0FBA-4D86-97CC-1AC62E3309AA}"
EndProject
Global
	GlobalSection(SolutionConfigurationPlatforms) = preSolution
		Debug|Any CPU = Debug|Any CPU
		Release|Any CPU = Release|Any CPU
	EndGlobalSection
	GlobalSection(ProjectConfigurationPlatforms) = postSolution
		{7DF3A5C0-9C0D-40E2-8B3E-B114FCB75AB8}.Debug|Any CPU.ActiveCfg = Debug|Any CPU
		{7DF3A5C0-9C0D-40E2-8B3E-B114FCB75AB8}.Debug|Any CPU.Build.0 = Debug|Any CPU
		{7DF3A5C0-9C0D-40E2-8B3E-B114FCB75AB8}.Release|Any CPU.ActiveCfg = Release|Any CPU
		{7DF3A5C0-9C0D-40E2-8B3E-B114FCB75AB8}.Release|Any CPU.Build.0 = Release|Any CPU
		{8AD223D5-F031-415E-97D2-02ABC9956A9F}.Debug|Any CPU.ActiveCfg = Debug|Any CPU
		{8AD223D5-F031-415E-97D2-02ABC9956A9F}.Debug|Any CPU.Build.0 = Debug|Any CPU
		{8AD223D5-F031-415E-97D2-02ABC9956A9F}.Release|Any CPU.ActiveCfg = Release|Any CPU
		{8AD223D5-F031-415E-97D2-02ABC9956A9F}.Release|Any CPU.Build.0 = Release|Any CPU
		{E4D23FD2-418F-4FDE-A329-2BC09DF0773C}.Debug|Any CPU.ActiveCfg = Debug|Any CPU
		{E4D23FD2-418F-4FDE-A329-2BC09DF0773C}.Debug|Any CPU.Build.0 = Debug|Any CPU
		{E4D23FD2-418F-4FDE-A329-2BC09DF0773C}.Release|Any CPU.ActiveCfg = Release|Any CPU
		{E4D23FD2-418F-4FDE-A329-2BC09DF0773C}.Release|Any CPU.Build.0 = Release|Any CPU
		{FD9FDB63-0FBA-4D86-97CC-1AC62E3309AA}.Debug|Any CPU.ActiveCfg = Debug|Any CPU
		{FD9FDB63-0FBA-4D86-97CC-1AC62E3309AA}.Debug|Any CPU.Build.0 = Debug|Any CPU
		{FD9FDB63-0FBA-4D86-97CC-1AC62E3309AA}.Release|Any CPU.ActiveCfg = Release|Any CPU
		{FD9FDB63-0FBA-4D86-97CC-1AC62E3309AA}.Release|Any CPU.Build.0 = Release|Any CPU
	EndGlobalSection
	GlobalSection(SolutionProperties) = preSolution
		HideSolutionNode = FALSE
	EndGlobalSection
	GlobalSection(ExtensibilityGlobals) = postSolution
		SolutionGuid = {7B886C2E-EE5D-4B25-BE87-9D317A5714CF}
	EndGlobalSection
EndGlobal
